// !$*UTF8*$!
{
	archiveVersion = 1;
	classes = {
	};
	objectVersion = 55;
	objects = {

/* Begin PBXBuildFile section */
		62E1FE1728191EBB00499F4D /* AppDelegate.swift in Sources */ = {isa = PBXBuildFile; fileRef = 62E1FE1628191EBB00499F4D /* AppDelegate.swift */; };
		62E1FE1928191EBB00499F4D /* SceneDelegate.swift in Sources */ = {isa = PBXBuildFile; fileRef = 62E1FE1828191EBB00499F4D /* SceneDelegate.swift */; };
		62E1FE1B28191EBB00499F4D /* ViewController.swift in Sources */ = {isa = PBXBuildFile; fileRef = 62E1FE1A28191EBB00499F4D /* ViewController.swift */; };
		62E1FE1E28191EBB00499F4D /* Main.storyboard in Resources */ = {isa = PBXBuildFile; fileRef = 62E1FE1C28191EBB00499F4D /* Main.storyboard */; };
		62E1FE2028191EBC00499F4D /* Assets.xcassets in Resources */ = {isa = PBXBuildFile; fileRef = 62E1FE1F28191EBC00499F4D /* Assets.xcassets */; };
		62E1FE2328191EBC00499F4D /* LaunchScreen.storyboard in Resources */ = {isa = PBXBuildFile; fileRef = 62E1FE2128191EBC00499F4D /* LaunchScreen.storyboard */; };
		62E1FE2E28191EBC00499F4D /* UITest_Sample_AppTests.swift in Sources */ = {isa = PBXBuildFile; fileRef = 62E1FE2D28191EBC00499F4D /* UITest_Sample_AppTests.swift */; };
		62E1FE3828191EBC00499F4D /* UITest_Sample_AppUITests.swift in Sources */ = {isa = PBXBuildFile; fileRef = 62E1FE3728191EBC00499F4D /* UITest_Sample_AppUITests.swift */; };
		62E1FE3A28191EBC00499F4D /* UITest_Sample_AppUITestsLaunchTests.swift in Sources */ = {isa = PBXBuildFile; fileRef = 62E1FE3928191EBC00499F4D /* UITest_Sample_AppUITestsLaunchTests.swift */; };
/* End PBXBuildFile section */

/* Begin PBXContainerItemProxy section */
		62E1FE2A28191EBC00499F4D /* PBXContainerItemProxy */ = {
			isa = PBXContainerItemProxy;
			containerPortal = 62E1FE0B28191EBA00499F4D /* Project object */;
			proxyType = 1;
			remoteGlobalIDString = 62E1FE1228191EBB00499F4D;
			remoteInfo = "UITest-Sample-App";
		};
		62E1FE3428191EBC00499F4D /* PBXContainerItemProxy */ = {
			isa = PBXContainerItemProxy;
			containerPortal = 62E1FE0B28191EBA00499F4D /* Project object */;
			proxyType = 1;
			remoteGlobalIDString = 62E1FE1228191EBB00499F4D;
			remoteInfo = "UITest-Sample-App";
		};
/* End PBXContainerItemProxy section */

/* Begin PBXFileReference section */
		62E1FE1328191EBB00499F4D /* UITest-Sample-App.app */ = {isa = PBXFileReference; explicitFileType = wrapper.application; includeInIndex = 0; path = "UITest-Sample-App.app"; sourceTree = BUILT_PRODUCTS_DIR; };
		62E1FE1628191EBB00499F4D /* AppDelegate.swift */ = {isa = PBXFileReference; lastKnownFileType = sourcecode.swift; path = AppDelegate.swift; sourceTree = "<group>"; };
		62E1FE1828191EBB00499F4D /* SceneDelegate.swift */ = {isa = PBXFileReference; lastKnownFileType = sourcecode.swift; path = SceneDelegate.swift; sourceTree = "<group>"; };
		62E1FE1A28191EBB00499F4D /* ViewController.swift */ = {isa = PBXFileReference; lastKnownFileType = sourcecode.swift; path = ViewController.swift; sourceTree = "<group>"; };
		62E1FE1D28191EBB00499F4D /* Base */ = {isa = PBXFileReference; lastKnownFileType = file.storyboard; name = Base; path = Base.lproj/Main.storyboard; sourceTree = "<group>"; };
		62E1FE1F28191EBC00499F4D /* Assets.xcassets */ = {isa = PBXFileReference; lastKnownFileType = folder.assetcatalog; path = Assets.xcassets; sourceTree = "<group>"; };
		62E1FE2228191EBC00499F4D /* Base */ = {isa = PBXFileReference; lastKnownFileType = file.storyboard; name = Base; path = Base.lproj/LaunchScreen.storyboard; sourceTree = "<group>"; };
		62E1FE2428191EBC00499F4D /* Info.plist */ = {isa = PBXFileReference; lastKnownFileType = text.plist.xml; path = Info.plist; sourceTree = "<group>"; };
		62E1FE2928191EBC00499F4D /* UITest-Sample-AppTests.xctest */ = {isa = PBXFileReference; explicitFileType = wrapper.cfbundle; includeInIndex = 0; path = "UITest-Sample-AppTests.xctest"; sourceTree = BUILT_PRODUCTS_DIR; };
		62E1FE2D28191EBC00499F4D /* UITest_Sample_AppTests.swift */ = {isa = PBXFileReference; lastKnownFileType = sourcecode.swift; path = UITest_Sample_AppTests.swift; sourceTree = "<group>"; };
		62E1FE3328191EBC00499F4D /* UITest-Sample-AppUITests.xctest */ = {isa = PBXFileReference; explicitFileType = wrapper.cfbundle; includeInIndex = 0; path = "UITest-Sample-AppUITests.xctest"; sourceTree = BUILT_PRODUCTS_DIR; };
		62E1FE3728191EBC00499F4D /* UITest_Sample_AppUITests.swift */ = {isa = PBXFileReference; lastKnownFileType = sourcecode.swift; path = UITest_Sample_AppUITests.swift; sourceTree = "<group>"; };
		62E1FE3928191EBC00499F4D /* UITest_Sample_AppUITestsLaunchTests.swift */ = {isa = PBXFileReference; lastKnownFileType = sourcecode.swift; path = UITest_Sample_AppUITestsLaunchTests.swift; sourceTree = "<group>"; };
/* End PBXFileReference section */

/* Begin PBXFrameworksBuildPhase section */
		62E1FE1028191EBB00499F4D /* Frameworks */ = {
			isa = PBXFrameworksBuildPhase;
			buildActionMask = 2147483647;
			files = (
			);
			runOnlyForDeploymentPostprocessing = 0;
		};
		62E1FE2628191EBC00499F4D /* Frameworks */ = {
			isa = PBXFrameworksBuildPhase;
			buildActionMask = 2147483647;
			files = (
			);
			runOnlyForDeploymentPostprocessing = 0;
		};
		62E1FE3028191EBC00499F4D /* Frameworks */ = {
			isa = PBXFrameworksBuildPhase;
			buildActionMask = 2147483647;
			files = (
			);
			runOnlyForDeploymentPostprocessing = 0;
		};
/* End PBXFrameworksBuildPhase section */

/* Begin PBXGroup section */
		62E1FE0A28191EBA00499F4D = {
			isa = PBXGroup;
			children = (
				62E1FE1528191EBB00499F4D /* UITest-Sample-App */,
				62E1FE2C28191EBC00499F4D /* UITest-Sample-AppTests */,
				62E1FE3628191EBC00499F4D /* UITest-Sample-AppUITests */,
				62E1FE1428191EBB00499F4D /* Products */,
			);
			sourceTree = "<group>";
		};
		62E1FE1428191EBB00499F4D /* Products */ = {
			isa = PBXGroup;
			children = (
				62E1FE1328191EBB00499F4D /* UITest-Sample-App.app */,
				62E1FE2928191EBC00499F4D /* UITest-Sample-AppTests.xctest */,
				62E1FE3328191EBC00499F4D /* UITest-Sample-AppUITests.xctest */,
			);
			name = Products;
			sourceTree = "<group>";
		};
		62E1FE1528191EBB00499F4D /* UITest-Sample-App */ = {
			isa = PBXGroup;
			children = (
				62E1FE1628191EBB00499F4D /* AppDelegate.swift */,
				62E1FE1828191EBB00499F4D /* SceneDelegate.swift */,
				62E1FE1A28191EBB00499F4D /* ViewController.swift */,
				62E1FE1C28191EBB00499F4D /* Main.storyboard */,
				62E1FE1F28191EBC00499F4D /* Assets.xcassets */,
				62E1FE2128191EBC00499F4D /* LaunchScreen.storyboard */,
				62E1FE2428191EBC00499F4D /* Info.plist */,
			);
			path = "UITest-Sample-App";
			sourceTree = "<group>";
		};
		62E1FE2C28191EBC00499F4D /* UITest-Sample-AppTests */ = {
			isa = PBXGroup;
			children = (
				62E1FE2D28191EBC00499F4D /* UITest_Sample_AppTests.swift */,
			);
			path = "UITest-Sample-AppTests";
			sourceTree = "<group>";
		};
		62E1FE3628191EBC00499F4D /* UITest-Sample-AppUITests */ = {
			isa = PBXGroup;
			children = (
				62E1FE3728191EBC00499F4D /* UITest_Sample_AppUITests.swift */,
				62E1FE3928191EBC00499F4D /* UITest_Sample_AppUITestsLaunchTests.swift */,
			);
			path = "UITest-Sample-AppUITests";
			sourceTree = "<group>";
		};
/* End PBXGroup section */

/* Begin PBXNativeTarget section */
		62E1FE1228191EBB00499F4D /* UITest-Sample-App */ = {
			isa = PBXNativeTarget;
			buildConfigurationList = 62E1FE3D28191EBC00499F4D /* Build configuration list for PBXNativeTarget "UITest-Sample-App" */;
			buildPhases = (
				62E1FE0F28191EBB00499F4D /* Sources */,
				62E1FE1028191EBB00499F4D /* Frameworks */,
				62E1FE1128191EBB00499F4D /* Resources */,
			);
			buildRules = (
			);
			dependencies = (
			);
			name = "UITest-Sample-App";
			productName = "UITest-Sample-App";
			productReference = 62E1FE1328191EBB00499F4D /* UITest-Sample-App.app */;
			productType = "com.apple.product-type.application";
		};
		62E1FE2828191EBC00499F4D /* UITest-Sample-AppTests */ = {
			isa = PBXNativeTarget;
			buildConfigurationList = 62E1FE4028191EBC00499F4D /* Build configuration list for PBXNativeTarget "UITest-Sample-AppTests" */;
			buildPhases = (
				62E1FE2528191EBC00499F4D /* Sources */,
				62E1FE2628191EBC00499F4D /* Frameworks */,
				62E1FE2728191EBC00499F4D /* Resources */,
			);
			buildRules = (
			);
			dependencies = (
				62E1FE2B28191EBC00499F4D /* PBXTargetDependency */,
			);
			name = "UITest-Sample-AppTests";
			productName = "UITest-Sample-AppTests";
			productReference = 62E1FE2928191EBC00499F4D /* UITest-Sample-AppTests.xctest */;
			productType = "com.apple.product-type.bundle.unit-test";
		};
		62E1FE3228191EBC00499F4D /* UITest-Sample-AppUITests */ = {
			isa = PBXNativeTarget;
			buildConfigurationList = 62E1FE4328191EBC00499F4D /* Build configuration list for PBXNativeTarget "UITest-Sample-AppUITests" */;
			buildPhases = (
				62E1FE2F28191EBC00499F4D /* Sources */,
				62E1FE3028191EBC00499F4D /* Frameworks */,
				62E1FE3128191EBC00499F4D /* Resources */,
			);
			buildRules = (
			);
			dependencies = (
				62E1FE3528191EBC00499F4D /* PBXTargetDependency */,
			);
			name = "UITest-Sample-AppUITests";
			productName = "UITest-Sample-AppUITests";
			productReference = 62E1FE3328191EBC00499F4D /* UITest-Sample-AppUITests.xctest */;
			productType = "com.apple.product-type.bundle.ui-testing";
		};
/* End PBXNativeTarget section */

/* Begin PBXProject section */
		62E1FE0B28191EBA00499F4D /* Project object */ = {
			isa = PBXProject;
			attributes = {
				BuildIndependentTargetsInParallel = 1;
				LastSwiftUpdateCheck = 1330;
				LastUpgradeCheck = 1330;
				TargetAttributes = {
					62E1FE1228191EBB00499F4D = {
						CreatedOnToolsVersion = 13.3.1;
					};
					62E1FE2828191EBC00499F4D = {
						CreatedOnToolsVersion = 13.3.1;
						TestTargetID = 62E1FE1228191EBB00499F4D;
					};
					62E1FE3228191EBC00499F4D = {
						CreatedOnToolsVersion = 13.3.1;
						TestTargetID = 62E1FE1228191EBB00499F4D;
					};
				};
			};
			buildConfigurationList = 62E1FE0E28191EBA00499F4D /* Build configuration list for PBXProject "UITest-Sample-App" */;
			compatibilityVersion = "Xcode 13.0";
			developmentRegion = en;
			hasScannedForEncodings = 0;
			knownRegions = (
				en,
				Base,
			);
			mainGroup = 62E1FE0A28191EBA00499F4D;
			productRefGroup = 62E1FE1428191EBB00499F4D /* Products */;
			projectDirPath = "";
			projectRoot = "";
			targets = (
				62E1FE1228191EBB00499F4D /* UITest-Sample-App */,
				62E1FE2828191EBC00499F4D /* UITest-Sample-AppTests */,
				62E1FE3228191EBC00499F4D /* UITest-Sample-AppUITests */,
			);
		};
/* End PBXProject section */

/* Begin PBXResourcesBuildPhase section */
		62E1FE1128191EBB00499F4D /* Resources */ = {
			isa = PBXResourcesBuildPhase;
			buildActionMask = 2147483647;
			files = (
				62E1FE2328191EBC00499F4D /* LaunchScreen.storyboard in Resources */,
				62E1FE2028191EBC00499F4D /* Assets.xcassets in Resources */,
				62E1FE1E28191EBB00499F4D /* Main.storyboard in Resources */,
			);
			runOnlyForDeploymentPostprocessing = 0;
		};
		62E1FE2728191EBC00499F4D /* Resources */ = {
			isa = PBXResourcesBuildPhase;
			buildActionMask = 2147483647;
			files = (
			);
			runOnlyForDeploymentPostprocessing = 0;
		};
		62E1FE3128191EBC00499F4D /* Resources */ = {
			isa = PBXResourcesBuildPhase;
			buildActionMask = 2147483647;
			files = (
			);
			runOnlyForDeploymentPostprocessing = 0;
		};
/* End PBXResourcesBuildPhase section */

/* Begin PBXSourcesBuildPhase section */
		62E1FE0F28191EBB00499F4D /* Sources */ = {
			isa = PBXSourcesBuildPhase;
			buildActionMask = 2147483647;
			files = (
				62E1FE1B28191EBB00499F4D /* ViewController.swift in Sources */,
				62E1FE1728191EBB00499F4D /* AppDelegate.swift in Sources */,
				62E1FE1928191EBB00499F4D /* SceneDelegate.swift in Sources */,
			);
			runOnlyForDeploymentPostprocessing = 0;
		};
		62E1FE2528191EBC00499F4D /* Sources */ = {
			isa = PBXSourcesBuildPhase;
			buildActionMask = 2147483647;
			files = (
				62E1FE2E28191EBC00499F4D /* UITest_Sample_AppTests.swift in Sources */,
			);
			runOnlyForDeploymentPostprocessing = 0;
		};
		62E1FE2F28191EBC00499F4D /* Sources */ = {
			isa = PBXSourcesBuildPhase;
			buildActionMask = 2147483647;
			files = (
				62E1FE3A28191EBC00499F4D /* UITest_Sample_AppUITestsLaunchTests.swift in Sources */,
				62E1FE3828191EBC00499F4D /* UITest_Sample_AppUITests.swift in Sources */,
			);
			runOnlyForDeploymentPostprocessing = 0;
		};
/* End PBXSourcesBuildPhase section */

/* Begin PBXTargetDependency section */
		62E1FE2B28191EBC00499F4D /* PBXTargetDependency */ = {
			isa = PBXTargetDependency;
			target = 62E1FE1228191EBB00499F4D /* UITest-Sample-App */;
			targetProxy = 62E1FE2A28191EBC00499F4D /* PBXContainerItemProxy */;
		};
		62E1FE3528191EBC00499F4D /* PBXTargetDependency */ = {
			isa = PBXTargetDependency;
			target = 62E1FE1228191EBB00499F4D /* UITest-Sample-App */;
			targetProxy = 62E1FE3428191EBC00499F4D /* PBXContainerItemProxy */;
		};
/* End PBXTargetDependency section */

/* Begin PBXVariantGroup section */
		62E1FE1C28191EBB00499F4D /* Main.storyboard */ = {
			isa = PBXVariantGroup;
			children = (
				62E1FE1D28191EBB00499F4D /* Base */,
			);
			name = Main.storyboard;
			sourceTree = "<group>";
		};
		62E1FE2128191EBC00499F4D /* LaunchScreen.storyboard */ = {
			isa = PBXVariantGroup;
			children = (
				62E1FE2228191EBC00499F4D /* Base */,
			);
			name = LaunchScreen.storyboard;
			sourceTree = "<group>";
		};
/* End PBXVariantGroup section */

/* Begin XCBuildConfiguration section */
		62E1FE3B28191EBC00499F4D /* Debug */ = {
			isa = XCBuildConfiguration;
			buildSettings = {
				ALWAYS_SEARCH_USER_PATHS = NO;
				CLANG_ANALYZER_NONNULL = YES;
				CLANG_ANALYZER_NUMBER_OBJECT_CONVERSION = YES_AGGRESSIVE;
				CLANG_CXX_LANGUAGE_STANDARD = "gnu++17";
				CLANG_ENABLE_MODULES = YES;
				CLANG_ENABLE_OBJC_ARC = YES;
				CLANG_ENABLE_OBJC_WEAK = YES;
				CLANG_WARN_BLOCK_CAPTURE_AUTORELEASING = YES;
				CLANG_WARN_BOOL_CONVERSION = YES;
				CLANG_WARN_COMMA = YES;
				CLANG_WARN_CONSTANT_CONVERSION = YES;
				CLANG_WARN_DEPRECATED_OBJC_IMPLEMENTATIONS = YES;
				CLANG_WARN_DIRECT_OBJC_ISA_USAGE = YES_ERROR;
				CLANG_WARN_DOCUMENTATION_COMMENTS = YES;
				CLANG_WARN_EMPTY_BODY = YES;
				CLANG_WARN_ENUM_CONVERSION = YES;
				CLANG_WARN_INFINITE_RECURSION = YES;
				CLANG_WARN_INT_CONVERSION = YES;
				CLANG_WARN_NON_LITERAL_NULL_CONVERSION = YES;
				CLANG_WARN_OBJC_IMPLICIT_RETAIN_SELF = YES;
				CLANG_WARN_OBJC_LITERAL_CONVERSION = YES;
				CLANG_WARN_OBJC_ROOT_CLASS = YES_ERROR;
				CLANG_WARN_QUOTED_INCLUDE_IN_FRAMEWORK_HEADER = YES;
				CLANG_WARN_RANGE_LOOP_ANALYSIS = YES;
				CLANG_WARN_STRICT_PROTOTYPES = YES;
				CLANG_WARN_SUSPICIOUS_MOVE = YES;
				CLANG_WARN_UNGUARDED_AVAILABILITY = YES_AGGRESSIVE;
				CLANG_WARN_UNREACHABLE_CODE = YES;
				CLANG_WARN__DUPLICATE_METHOD_MATCH = YES;
				COPY_PHASE_STRIP = NO;
				DEBUG_INFORMATION_FORMAT = dwarf;
				ENABLE_STRICT_OBJC_MSGSEND = YES;
				ENABLE_TESTABILITY = YES;
				GCC_C_LANGUAGE_STANDARD = gnu11;
				GCC_DYNAMIC_NO_PIC = NO;
				GCC_NO_COMMON_BLOCKS = YES;
				GCC_OPTIMIZATION_LEVEL = 0;
				GCC_PREPROCESSOR_DEFINITIONS = (
					"DEBUG=1",
					"$(inherited)",
				);
				GCC_WARN_64_TO_32_BIT_CONVERSION = YES;
				GCC_WARN_ABOUT_RETURN_TYPE = YES_ERROR;
				GCC_WARN_UNDECLARED_SELECTOR = YES;
				GCC_WARN_UNINITIALIZED_AUTOS = YES_AGGRESSIVE;
				GCC_WARN_UNUSED_FUNCTION = YES;
				GCC_WARN_UNUSED_VARIABLE = YES;
				IPHONEOS_DEPLOYMENT_TARGET = 15.4;
				MTL_ENABLE_DEBUG_INFO = INCLUDE_SOURCE;
				MTL_FAST_MATH = YES;
				ONLY_ACTIVE_ARCH = YES;
				SDKROOT = iphoneos;
				SWIFT_ACTIVE_COMPILATION_CONDITIONS = DEBUG;
				SWIFT_OPTIMIZATION_LEVEL = "-Onone";
			};
			name = Debug;
		};
		62E1FE3C28191EBC00499F4D /* Release */ = {
			isa = XCBuildConfiguration;
			buildSettings = {
				ALWAYS_SEARCH_USER_PATHS = NO;
				CLANG_ANALYZER_NONNULL = YES;
				CLANG_ANALYZER_NUMBER_OBJECT_CONVERSION = YES_AGGRESSIVE;
				CLANG_CXX_LANGUAGE_STANDARD = "gnu++17";
				CLANG_ENABLE_MODULES = YES;
				CLANG_ENABLE_OBJC_ARC = YES;
				CLANG_ENABLE_OBJC_WEAK = YES;
				CLANG_WARN_BLOCK_CAPTURE_AUTORELEASING = YES;
				CLANG_WARN_BOOL_CONVERSION = YES;
				CLANG_WARN_COMMA = YES;
				CLANG_WARN_CONSTANT_CONVERSION = YES;
				CLANG_WARN_DEPRECATED_OBJC_IMPLEMENTATIONS = YES;
				CLANG_WARN_DIRECT_OBJC_ISA_USAGE = YES_ERROR;
				CLANG_WARN_DOCUMENTATION_COMMENTS = YES;
				CLANG_WARN_EMPTY_BODY = YES;
				CLANG_WARN_ENUM_CONVERSION = YES;
				CLANG_WARN_INFINITE_RECURSION = YES;
				CLANG_WARN_INT_CONVERSION = YES;
				CLANG_WARN_NON_LITERAL_NULL_CONVERSION = YES;
				CLANG_WARN_OBJC_IMPLICIT_RETAIN_SELF = YES;
				CLANG_WARN_OBJC_LITERAL_CONVERSION = YES;
				CLANG_WARN_OBJC_ROOT_CLASS = YES_ERROR;
				CLANG_WARN_QUOTED_INCLUDE_IN_FRAMEWORK_HEADER = YES;
				CLANG_WARN_RANGE_LOOP_ANALYSIS = YES;
				CLANG_WARN_STRICT_PROTOTYPES = YES;
				CLANG_WARN_SUSPICIOUS_MOVE = YES;
				CLANG_WARN_UNGUARDED_AVAILABILITY = YES_AGGRESSIVE;
				CLANG_WARN_UNREACHABLE_CODE = YES;
				CLANG_WARN__DUPLICATE_METHOD_MATCH = YES;
				COPY_PHASE_STRIP = NO;
				DEBUG_INFORMATION_FORMAT = "dwarf-with-dsym";
				ENABLE_NS_ASSERTIONS = NO;
				ENABLE_STRICT_OBJC_MSGSEND = YES;
				GCC_C_LANGUAGE_STANDARD = gnu11;
				GCC_NO_COMMON_BLOCKS = YES;
				GCC_WARN_64_TO_32_BIT_CONVERSION = YES;
				GCC_WARN_ABOUT_RETURN_TYPE = YES_ERROR;
				GCC_WARN_UNDECLARED_SELECTOR = YES;
				GCC_WARN_UNINITIALIZED_AUTOS = YES_AGGRESSIVE;
				GCC_WARN_UNUSED_FUNCTION = YES;
				GCC_WARN_UNUSED_VARIABLE = YES;
				IPHONEOS_DEPLOYMENT_TARGET = 15.4;
				MTL_ENABLE_DEBUG_INFO = NO;
				MTL_FAST_MATH = YES;
				SDKROOT = iphoneos;
				SWIFT_COMPILATION_MODE = wholemodule;
				SWIFT_OPTIMIZATION_LEVEL = "-O";
				VALIDATE_PRODUCT = YES;
			};
			name = Release;
		};
		62E1FE3E28191EBC00499F4D /* Debug */ = {
			isa = XCBuildConfiguration;
			buildSettings = {
				ASSETCATALOG_COMPILER_APPICON_NAME = AppIcon;
				ASSETCATALOG_COMPILER_GLOBAL_ACCENT_COLOR_NAME = AccentColor;
				CODE_SIGN_STYLE = Automatic;
				CURRENT_PROJECT_VERSION = 1;
				DEVELOPMENT_TEAM = 5ZVBFKA54H;
				GENERATE_INFOPLIST_FILE = YES;
				INFOPLIST_FILE = "UITest-Sample-App/Info.plist";
				INFOPLIST_KEY_UIApplicationSupportsIndirectInputEvents = YES;
				INFOPLIST_KEY_UILaunchStoryboardName = LaunchScreen;
				INFOPLIST_KEY_UIMainStoryboardFile = Main;
				INFOPLIST_KEY_UISupportedInterfaceOrientations_iPad = "UIInterfaceOrientationPortrait UIInterfaceOrientationPortraitUpsideDown UIInterfaceOrientationLandscapeLeft UIInterfaceOrientationLandscapeRight";
				INFOPLIST_KEY_UISupportedInterfaceOrientations_iPhone = "UIInterfaceOrientationPortrait UIInterfaceOrientationLandscapeLeft UIInterfaceOrientationLandscapeRight";
				LD_RUNPATH_SEARCH_PATHS = (
					"$(inherited)",
					"@executable_path/Frameworks",
				);
				MARKETING_VERSION = 1.0;
				PRODUCT_BUNDLE_IDENTIFIER = "com.aidos.app.UITest-Sample-App";
				PRODUCT_NAME = "$(TARGET_NAME)";
				SWIFT_EMIT_LOC_STRINGS = YES;
				SWIFT_VERSION = 5.0;
				TARGETED_DEVICE_FAMILY = "1,2";
			};
			name = Debug;
		};
		62E1FE3F28191EBC00499F4D /* Release */ = {
			isa = XCBuildConfiguration;
			buildSettings = {
				ASSETCATALOG_COMPILER_APPICON_NAME = AppIcon;
				ASSETCATALOG_COMPILER_GLOBAL_ACCENT_COLOR_NAME = AccentColor;
				CODE_SIGN_STYLE = Automatic;
				CURRENT_PROJECT_VERSION = 1;
				DEVELOPMENT_TEAM = 5ZVBFKA54H;
				GENERATE_INFOPLIST_FILE = YES;
				INFOPLIST_FILE = "UITest-Sample-App/Info.plist";
				INFOPLIST_KEY_UIApplicationSupportsIndirectInputEvents = YES;
				INFOPLIST_KEY_UILaunchStoryboardName = LaunchScreen;
				INFOPLIST_KEY_UIMainStoryboardFile = Main;
				INFOPLIST_KEY_UISupportedInterfaceOrientations_iPad = "UIInterfaceOrientationPortrait UIInterfaceOrientationPortraitUpsideDown UIInterfaceOrientationLandscapeLeft UIInterfaceOrientationLandscapeRight";
				INFOPLIST_KEY_UISupportedInterfaceOrientations_iPhone = "UIInterfaceOrientationPortrait UIInterfaceOrientationLandscapeLeft UIInterfaceOrientationLandscapeRight";
				LD_RUNPATH_SEARCH_PATHS = (
					"$(inherited)",
					"@executable_path/Frameworks",
				);
				MARKETING_VERSION = 1.0;
				PRODUCT_BUNDLE_IDENTIFIER = "com.aidos.app.UITest-Sample-App";
				PRODUCT_NAME = "$(TARGET_NAME)";
				SWIFT_EMIT_LOC_STRINGS = YES;
				SWIFT_VERSION = 5.0;
				TARGETED_DEVICE_FAMILY = "1,2";
			};
			name = Release;
		};
		62E1FE4128191EBC00499F4D /* Debug */ = {
			isa = XCBuildConfiguration;
			buildSettings = {
				ALWAYS_EMBED_SWIFT_STANDARD_LIBRARIES = YES;
				BUNDLE_LOADER = "$(TEST_HOST)";
				CODE_SIGN_STYLE = Automatic;
				CURRENT_PROJECT_VERSION = 1;
				DEVELOPMENT_TEAM = 5ZVBFKA54H;
				GENERATE_INFOPLIST_FILE = YES;
				IPHONEOS_DEPLOYMENT_TARGET = 15.4;
				MARKETING_VERSION = 1.0;
				PRODUCT_BUNDLE_IDENTIFIER = "com.aidos.app.UITest-Sample-AppTests";
				PRODUCT_NAME = "$(TARGET_NAME)";
				SWIFT_EMIT_LOC_STRINGS = NO;
				SWIFT_VERSION = 5.0;
				TARGETED_DEVICE_FAMILY = "1,2";
				TEST_HOST = "$(BUILT_PRODUCTS_DIR)/UITest-Sample-App.app/UITest-Sample-App";
			};
			name = Debug;
		};
		62E1FE4228191EBC00499F4D /* Release */ = {
			isa = XCBuildConfiguration;
			buildSettings = {
				ALWAYS_EMBED_SWIFT_STANDARD_LIBRARIES = YES;
				BUNDLE_LOADER = "$(TEST_HOST)";
				CODE_SIGN_STYLE = Automatic;
				CURRENT_PROJECT_VERSION = 1;
				DEVELOPMENT_TEAM = 5ZVBFKA54H;
				GENERATE_INFOPLIST_FILE = YES;
				IPHONEOS_DEPLOYMENT_TARGET = 15.4;
				MARKETING_VERSION = 1.0;
				PRODUCT_BUNDLE_IDENTIFIER = "com.aidos.app.UITest-Sample-AppTests";
				PRODUCT_NAME = "$(TARGET_NAME)";
				SWIFT_EMIT_LOC_STRINGS = NO;
				SWIFT_VERSION = 5.0;
				TARGETED_DEVICE_FAMILY = "1,2";
				TEST_HOST = "$(BUILT_PRODUCTS_DIR)/UITest-Sample-App.app/UITest-Sample-App";
			};
			name = Release;
		};
		62E1FE4428191EBC00499F4D /* Debug */ = {
			isa = XCBuildConfiguration;
			buildSettings = {
				ALWAYS_EMBED_SWIFT_STANDARD_LIBRARIES = YES;
				CODE_SIGN_STYLE = Automatic;
				CURRENT_PROJECT_VERSION = 1;
				DEVELOPMENT_TEAM = 5ZVBFKA54H;
				GENERATE_INFOPLIST_FILE = YES;
				MARKETING_VERSION = 1.0;
				PRODUCT_BUNDLE_IDENTIFIER = "com.aidos.app.UITest-Sample-AppUITests";
				PRODUCT_NAME = "$(TARGET_NAME)";
				SWIFT_EMIT_LOC_STRINGS = NO;
				SWIFT_VERSION = 5.0;
				TARGETED_DEVICE_FAMILY = "1,2";
				TEST_TARGET_NAME = "UITest-Sample-App";
			};
			name = Debug;
		};
		62E1FE4528191EBC00499F4D /* Release */ = {
			isa = XCBuildConfiguration;
			buildSettings = {
				ALWAYS_EMBED_SWIFT_STANDARD_LIBRARIES = YES;
				CODE_SIGN_STYLE = Automatic;
				CURRENT_PROJECT_VERSION = 1;
				DEVELOPMENT_TEAM = 5ZVBFKA54H;
				GENERATE_INFOPLIST_FILE = YES;
				MARKETING_VERSION = 1.0;
				PRODUCT_BUNDLE_IDENTIFIER = "com.aidos.app.UITest-Sample-AppUITests";
				PRODUCT_NAME = "$(TARGET_NAME)";
				SWIFT_EMIT_LOC_STRINGS = NO;
				SWIFT_VERSION = 5.0;
				TARGETED_DEVICE_FAMILY = "1,2";
				TEST_TARGET_NAME = "UITest-Sample-App";
			};
			name = Release;
		};
/* End XCBuildConfiguration section */

/* Begin XCConfigurationList section */
		62E1FE0E28191EBA00499F4D /* Build configuration list for PBXProject "UITest-Sample-App" */ = {
			isa = XCConfigurationList;
			buildConfigurations = (
				62E1FE3B28191EBC00499F4D /* Debug */,
				62E1FE3C28191EBC00499F4D /* Release */,
			);
			defaultConfigurationIsVisible = 0;
			defaultConfigurationName = Release;
		};
		62E1FE3D28191EBC00499F4D /* Build configuration list for PBXNativeTarget "UITest-Sample-App" */ = {
			isa = XCConfigurationList;
			buildConfigurations = (
				62E1FE3E28191EBC00499F4D /* Debug */,
				62E1FE3F28191EBC00499F4D /* Release */,
			);
			defaultConfigurationIsVisible = 0;
			defaultConfigurationName = Release;
		};
		62E1FE4028191EBC00499F4D /* Build configuration list for PBXNativeTarget "UITest-Sample-AppTests" */ = {
			isa = XCConfigurationList;
			buildConfigurations = (
				62E1FE4128191EBC00499F4D /* Debug */,
				62E1FE4228191EBC00499F4D /* Release */,
			);
			defaultConfigurationIsVisible = 0;
			defaultConfigurationName = Release;
		};
		62E1FE4328191EBC00499F4D /* Build configuration list for PBXNativeTarget "UITest-Sample-AppUITests" */ = {
			isa = XCConfigurationList;
			buildConfigurations = (
				62E1FE4428191EBC00499F4D /* Debug */,
				62E1FE4528191EBC00499F4D /* Release */,
			);
			defaultConfigurationIsVisible = 0;
			defaultConfigurationName = Release;
		};
/* End XCConfigurationList section */
	};
	rootObject = 62E1FE0B28191EBA00499F4D /* Project object */;
}
